
Microsoft Visual Studio Solution File, Format Version 12.00
# Visual Studio Version 17
VisualStudioVersion = 17.14.36202.13 d17.14
MinimumVisualStudioVersion = 10.0.40219.1
Project("{FAE04EC0-301F-11D3-BF4B-00C04F79EFBC}") = "Quantum Bookstore-FawryTask", "Quantum Bookstore-FawryTask\Quantum Bookstore-FawryTask.csproj", "{84274AE3-A606-443B-8BD1-35A39CF7C2A8}"
EndProject
Global
	GlobalSection(SolutionConfigurationPlatforms) = preSolution
		Debug|Any CPU = Debug|Any CPU
		Release|Any CPU = Release|Any CPU
	EndGlobalSection
	GlobalSection(ProjectConfigurationPlatforms) = postSolution
		{84274AE3-A606-443B-8BD1-35A39CF7C2A8}.Debug|Any CPU.ActiveCfg = Debug|Any CPU
		{84274AE3-A606-443B-8BD1-35A39CF7C2A8}.Debug|Any CPU.Build.0 = Debug|Any CPU
		{84274AE3-A606-443B-8BD1-35A39CF7C2A8}.Release|Any CPU.ActiveCfg = Release|Any CPU
		{84274AE3-A606-443B-8BD1-35A39CF7C2A8}.Release|Any CPU.Build.0 = Release|Any CPU
	EndGlobalSection
	GlobalSection(SolutionProperties) = preSolution
		HideSolutionNode = FALSE
	EndGlobalSection
	GlobalSection(ExtensibilityGlobals) = postSolution
		SolutionGuid = {81727155-46ED-4644-96BF-4CCD1F4020C2}
	EndGlobalSection
EndGlobal
